// !$*UTF8*$!
{
	archiveVersion = 1;
	classes = {
	};
	objectVersion = 50;
	objects = {

/* Begin PBXBuildFile section */
		560B80392190F091007A0E7C /* events.txt in Resources */ = {isa = PBXBuildFile; fileRef = 560B80382190F091007A0E7C /* events.txt */; };
		560B803B219377B6007A0E7C /* entities.txt in Resources */ = {isa = PBXBuildFile; fileRef = 560B803A219377B6007A0E7C /* entities.txt */; };
		560B803D21937DD9007A0E7C /* Data.swift in Sources */ = {isa = PBXBuildFile; fileRef = 560B803C21937DD9007A0E7C /* Data.swift */; };
		5624B883221768BF004125EA /* CombatViewController.swift in Sources */ = {isa = PBXBuildFile; fileRef = 5624B882221768BF004125EA /* CombatViewController.swift */; };
		5624B885221768CB004125EA /* Combat.swift in Sources */ = {isa = PBXBuildFile; fileRef = 5624B884221768CB004125EA /* Combat.swift */; };
		562F019721F900E500A1A8FF /* todo in Resources */ = {isa = PBXBuildFile; fileRef = 562F019621F900E500A1A8FF /* todo */; };
		563778DB22023571009B0C05 /* Actions.sks in Resources */ = {isa = PBXBuildFile; fileRef = 563778DA22023571009B0C05 /* Actions.sks */; };
		563778DD2202372C009B0C05 /* Main.storyboard in Resources */ = {isa = PBXBuildFile; fileRef = 563778DC2202372C009B0C05 /* Main.storyboard */; };
		56377907220240C5009B0C05 /* MainMenu.sks in Resources */ = {isa = PBXBuildFile; fileRef = 56377906220240C5009B0C05 /* MainMenu.sks */; };
		563779092202412D009B0C05 /* Combat.sks in Resources */ = {isa = PBXBuildFile; fileRef = 563779082202412D009B0C05 /* Combat.sks */; };
		5637790B2202442A009B0C05 /* MainMenu.swift in Sources */ = {isa = PBXBuildFile; fileRef = 5637790A2202442A009B0C05 /* MainMenu.swift */; };
		56399062219CBA19004805F2 /* GameObject.swift in Sources */ = {isa = PBXBuildFile; fileRef = 56399061219CBA19004805F2 /* GameObject.swift */; };
		566014FE214C54180072AB50 /* AppDelegate.swift in Sources */ = {isa = PBXBuildFile; fileRef = 566014FD214C54180072AB50 /* AppDelegate.swift */; };
		56601504214C54180072AB50 /* GameScene.swift in Sources */ = {isa = PBXBuildFile; fileRef = 56601503214C54180072AB50 /* GameScene.swift */; };
		56601506214C54180072AB50 /* GameViewController.swift in Sources */ = {isa = PBXBuildFile; fileRef = 56601505214C54180072AB50 /* GameViewController.swift */; };
		5660150B214C54190072AB50 /* Assets.xcassets in Resources */ = {isa = PBXBuildFile; fileRef = 5660150A214C54190072AB50 /* Assets.xcassets */; };
		5660150E214C54190072AB50 /* LaunchScreen.storyboard in Resources */ = {isa = PBXBuildFile; fileRef = 5660150C214C54190072AB50 /* LaunchScreen.storyboard */; };
		56601519214C54190072AB50 /* BrandonTests.swift in Sources */ = {isa = PBXBuildFile; fileRef = 56601518214C54190072AB50 /* BrandonTests.swift */; };
		56601524214C54190072AB50 /* BrandonUITests.swift in Sources */ = {isa = PBXBuildFile; fileRef = 56601523214C54190072AB50 /* BrandonUITests.swift */; };
		56B2BDDD21CADF680052AB90 /* tiles.txt in Resources */ = {isa = PBXBuildFile; fileRef = 56B2BDDC21CADF680052AB90 /* tiles.txt */; };
		56C28ECD216D4A0D003F2B48 /* Interactable.swift in Sources */ = {isa = PBXBuildFile; fileRef = 56C28ECC216D4A0D003F2B48 /* Interactable.swift */; };
		56C4DB392177C51D0061F94A /* DialogueBox.swift in Sources */ = {isa = PBXBuildFile; fileRef = 56C4DB382177C51D0061F94A /* DialogueBox.swift */; };
		56C4DB3B2177C7C40061F94A /* Util.swift in Sources */ = {isa = PBXBuildFile; fileRef = 56C4DB3A2177C7C40061F94A /* Util.swift */; };
		56C4DB3D217E6E6F0061F94A /* Player.swift in Sources */ = {isa = PBXBuildFile; fileRef = 56C4DB3C217E6E6F0061F94A /* Player.swift */; };
		56C4DB412180FDE90061F94A /* Event.swift in Sources */ = {isa = PBXBuildFile; fileRef = 56C4DB402180FDE90061F94A /* Event.swift */; };
		56D376E6220B72780002B42C /* MainMenuViewController.swift in Sources */ = {isa = PBXBuildFile; fileRef = 56D376E5220B72780002B42C /* MainMenuViewController.swift */; };
		56D61E392188FBC0007121FE /* maps.txt in Resources */ = {isa = PBXBuildFile; fileRef = 56D61E382188FBC0007121FE /* maps.txt */; };
		56D61E41218A3875007121FE /* EventHandler.swift in Sources */ = {isa = PBXBuildFile; fileRef = 56D61E40218A3875007121FE /* EventHandler.swift */; };
		56E9293C21C1A3AD00155180 /* GameScene.sks in Resources */ = {isa = PBXBuildFile; fileRef = 56E9293B21C1A3AC00155180 /* GameScene.sks */; };
/* End PBXBuildFile section */

/* Begin PBXContainerItemProxy section */
		56601515214C54190072AB50 /* PBXContainerItemProxy */ = {
			isa = PBXContainerItemProxy;
			containerPortal = 566014F2214C54180072AB50 /* Project object */;
			proxyType = 1;
			remoteGlobalIDString = 566014F9214C54180072AB50;
			remoteInfo = Brandon;
		};
		56601520214C54190072AB50 /* PBXContainerItemProxy */ = {
			isa = PBXContainerItemProxy;
			containerPortal = 566014F2214C54180072AB50 /* Project object */;
			proxyType = 1;
			remoteGlobalIDString = 566014F9214C54180072AB50;
			remoteInfo = Brandon;
		};
/* End PBXContainerItemProxy section */

/* Begin PBXFileReference section */
		560B80382190F091007A0E7C /* events.txt */ = {isa = PBXFileReference; lastKnownFileType = text; path = events.txt; sourceTree = "<group>"; };
		560B803A219377B6007A0E7C /* entities.txt */ = {isa = PBXFileReference; lastKnownFileType = text; path = entities.txt; sourceTree = "<group>"; };
		560B803C21937DD9007A0E7C /* Data.swift */ = {isa = PBXFileReference; lastKnownFileType = sourcecode.swift; path = Data.swift; sourceTree = "<group>"; };
		5624B882221768BF004125EA /* CombatViewController.swift */ = {isa = PBXFileReference; lastKnownFileType = sourcecode.swift; path = CombatViewController.swift; sourceTree = "<group>"; };
		5624B884221768CB004125EA /* Combat.swift */ = {isa = PBXFileReference; lastKnownFileType = sourcecode.swift; path = Combat.swift; sourceTree = "<group>"; };
		562F019621F900E500A1A8FF /* todo */ = {isa = PBXFileReference; lastKnownFileType = text; path = todo; sourceTree = "<group>"; };
		563778DA22023571009B0C05 /* Actions.sks */ = {isa = PBXFileReference; lastKnownFileType = file.sks; name = Actions.sks; path = ../../../../.Trash/Actions.sks; sourceTree = "<group>"; };
		563778DC2202372C009B0C05 /* Main.storyboard */ = {isa = PBXFileReference; lastKnownFileType = file.storyboard; path = Main.storyboard; sourceTree = "<group>"; };
		56377906220240C5009B0C05 /* MainMenu.sks */ = {isa = PBXFileReference; lastKnownFileType = file.sks; path = MainMenu.sks; sourceTree = "<group>"; };
		563779082202412D009B0C05 /* Combat.sks */ = {isa = PBXFileReference; lastKnownFileType = file.sks; path = Combat.sks; sourceTree = "<group>"; };
		5637790A2202442A009B0C05 /* MainMenu.swift */ = {isa = PBXFileReference; lastKnownFileType = sourcecode.swift; path = MainMenu.swift; sourceTree = "<group>"; };
		56399061219CBA19004805F2 /* GameObject.swift */ = {isa = PBXFileReference; lastKnownFileType = sourcecode.swift; path = GameObject.swift; sourceTree = "<group>"; };
		566014FA214C54180072AB50 /* Brandon.app */ = {isa = PBXFileReference; explicitFileType = wrapper.application; includeInIndex = 0; path = Brandon.app; sourceTree = BUILT_PRODUCTS_DIR; };
		566014FD214C54180072AB50 /* AppDelegate.swift */ = {isa = PBXFileReference; lastKnownFileType = sourcecode.swift; path = AppDelegate.swift; sourceTree = "<group>"; };
		56601503214C54180072AB50 /* GameScene.swift */ = {isa = PBXFileReference; lastKnownFileType = sourcecode.swift; path = GameScene.swift; sourceTree = "<group>"; };
		56601505214C54180072AB50 /* GameViewController.swift */ = {isa = PBXFileReference; lastKnownFileType = sourcecode.swift; path = GameViewController.swift; sourceTree = "<group>"; };
		5660150A214C54190072AB50 /* Assets.xcassets */ = {isa = PBXFileReference; lastKnownFileType = folder.assetcatalog; path = Assets.xcassets; sourceTree = "<group>"; };
		5660150D214C54190072AB50 /* Base */ = {isa = PBXFileReference; lastKnownFileType = file.storyboard; name = Base; path = Base.lproj/LaunchScreen.storyboard; sourceTree = "<group>"; };
		5660150F214C54190072AB50 /* Info.plist */ = {isa = PBXFileReference; lastKnownFileType = text.plist.xml; path = Info.plist; sourceTree = "<group>"; };
		56601514214C54190072AB50 /* BrandonTests.xctest */ = {isa = PBXFileReference; explicitFileType = wrapper.cfbundle; includeInIndex = 0; path = BrandonTests.xctest; sourceTree = BUILT_PRODUCTS_DIR; };
		56601518214C54190072AB50 /* BrandonTests.swift */ = {isa = PBXFileReference; lastKnownFileType = sourcecode.swift; path = BrandonTests.swift; sourceTree = "<group>"; };
		5660151A214C54190072AB50 /* Info.plist */ = {isa = PBXFileReference; lastKnownFileType = text.plist.xml; path = Info.plist; sourceTree = "<group>"; };
		5660151F214C54190072AB50 /* BrandonUITests.xctest */ = {isa = PBXFileReference; explicitFileType = wrapper.cfbundle; includeInIndex = 0; path = BrandonUITests.xctest; sourceTree = BUILT_PRODUCTS_DIR; };
		56601523214C54190072AB50 /* BrandonUITests.swift */ = {isa = PBXFileReference; lastKnownFileType = sourcecode.swift; path = BrandonUITests.swift; sourceTree = "<group>"; };
		56601525214C54190072AB50 /* Info.plist */ = {isa = PBXFileReference; lastKnownFileType = text.plist.xml; path = Info.plist; sourceTree = "<group>"; };
		56B2BDDC21CADF680052AB90 /* tiles.txt */ = {isa = PBXFileReference; lastKnownFileType = text; path = tiles.txt; sourceTree = "<group>"; };
		56C28ECC216D4A0D003F2B48 /* Interactable.swift */ = {isa = PBXFileReference; lastKnownFileType = sourcecode.swift; path = Interactable.swift; sourceTree = "<group>"; };
		56C4DB382177C51D0061F94A /* DialogueBox.swift */ = {isa = PBXFileReference; lastKnownFileType = sourcecode.swift; path = DialogueBox.swift; sourceTree = "<group>"; };
		56C4DB3A2177C7C40061F94A /* Util.swift */ = {isa = PBXFileReference; lastKnownFileType = sourcecode.swift; path = Util.swift; sourceTree = "<group>"; };
		56C4DB3C217E6E6F0061F94A /* Player.swift */ = {isa = PBXFileReference; lastKnownFileType = sourcecode.swift; path = Player.swift; sourceTree = "<group>"; };
		56C4DB402180FDE90061F94A /* Event.swift */ = {isa = PBXFileReference; lastKnownFileType = sourcecode.swift; path = Event.swift; sourceTree = "<group>"; };
		56D376E5220B72780002B42C /* MainMenuViewController.swift */ = {isa = PBXFileReference; lastKnownFileType = sourcecode.swift; path = MainMenuViewController.swift; sourceTree = "<group>"; };
		56D61E382188FBC0007121FE /* maps.txt */ = {isa = PBXFileReference; lastKnownFileType = text; path = maps.txt; sourceTree = "<group>"; };
		56D61E40218A3875007121FE /* EventHandler.swift */ = {isa = PBXFileReference; lastKnownFileType = sourcecode.swift; path = EventHandler.swift; sourceTree = "<group>"; };
		56E9293B21C1A3AC00155180 /* GameScene.sks */ = {isa = PBXFileReference; lastKnownFileType = file.sks; path = GameScene.sks; sourceTree = "<group>"; };
/* End PBXFileReference section */

/* Begin PBXFrameworksBuildPhase section */
		566014F7214C54180072AB50 /* Frameworks */ = {
			isa = PBXFrameworksBuildPhase;
			buildActionMask = 2147483647;
			files = (
			);
			runOnlyForDeploymentPostprocessing = 0;
		};
		56601511214C54190072AB50 /* Frameworks */ = {
			isa = PBXFrameworksBuildPhase;
			buildActionMask = 2147483647;
			files = (
			);
			runOnlyForDeploymentPostprocessing = 0;
		};
		5660151C214C54190072AB50 /* Frameworks */ = {
			isa = PBXFrameworksBuildPhase;
			buildActionMask = 2147483647;
			files = (
			);
			runOnlyForDeploymentPostprocessing = 0;
		};
/* End PBXFrameworksBuildPhase section */

/* Begin PBXGroup section */
		566014F1214C54180072AB50 = {
			isa = PBXGroup;
			children = (
				566014FC214C54180072AB50 /* Brandon */,
				56601517214C54190072AB50 /* BrandonTests */,
				56601522214C54190072AB50 /* BrandonUITests */,
				566014FB214C54180072AB50 /* Products */,
			);
			sourceTree = "<group>";
		};
		566014FB214C54180072AB50 /* Products */ = {
			isa = PBXGroup;
			children = (
				566014FA214C54180072AB50 /* Brandon.app */,
				56601514214C54190072AB50 /* BrandonTests.xctest */,
				5660151F214C54190072AB50 /* BrandonUITests.xctest */,
			);
			name = Products;
			sourceTree = "<group>";
		};
		566014FC214C54180072AB50 /* Brandon */ = {
			isa = PBXGroup;
			children = (
				566014FD214C54180072AB50 /* AppDelegate.swift */,
				563778DC2202372C009B0C05 /* Main.storyboard */,
				5660150C214C54190072AB50 /* LaunchScreen.storyboard */,
				5660150A214C54190072AB50 /* Assets.xcassets */,
				563778DA22023571009B0C05 /* Actions.sks */,
				56E9293B21C1A3AC00155180 /* GameScene.sks */,
				56601505214C54180072AB50 /* GameViewController.swift */,
				56601503214C54180072AB50 /* GameScene.swift */,
				56377906220240C5009B0C05 /* MainMenu.sks */,
				56D376E5220B72780002B42C /* MainMenuViewController.swift */,
				5637790A2202442A009B0C05 /* MainMenu.swift */,
				563779082202412D009B0C05 /* Combat.sks */,
				5624B882221768BF004125EA /* CombatViewController.swift */,
				5624B884221768CB004125EA /* Combat.swift */,
				56C4DB3A2177C7C40061F94A /* Util.swift */,
				56C4DB382177C51D0061F94A /* DialogueBox.swift */,
				56399061219CBA19004805F2 /* GameObject.swift */,
				56C28ECC216D4A0D003F2B48 /* Interactable.swift */,
				56C4DB3C217E6E6F0061F94A /* Player.swift */,
				560B803C21937DD9007A0E7C /* Data.swift */,
				56C4DB402180FDE90061F94A /* Event.swift */,
				56D61E40218A3875007121FE /* EventHandler.swift */,
				56D61E382188FBC0007121FE /* maps.txt */,
				560B803A219377B6007A0E7C /* entities.txt */,
				560B80382190F091007A0E7C /* events.txt */,
				56B2BDDC21CADF680052AB90 /* tiles.txt */,
				562F019621F900E500A1A8FF /* todo */,
				5660150F214C54190072AB50 /* Info.plist */,
			);
			path = Brandon;
			sourceTree = "<group>";
		};
		56601517214C54190072AB50 /* BrandonTests */ = {
			isa = PBXGroup;
			children = (
				56601518214C54190072AB50 /* BrandonTests.swift */,
				5660151A214C54190072AB50 /* Info.plist */,
			);
			path = BrandonTests;
			sourceTree = "<group>";
		};
		56601522214C54190072AB50 /* BrandonUITests */ = {
			isa = PBXGroup;
			children = (
				56601523214C54190072AB50 /* BrandonUITests.swift */,
				56601525214C54190072AB50 /* Info.plist */,
			);
			path = BrandonUITests;
			sourceTree = "<group>";
		};
/* End PBXGroup section */

/* Begin PBXNativeTarget section */
		566014F9214C54180072AB50 /* Brandon */ = {
			isa = PBXNativeTarget;
			buildConfigurationList = 56601528214C54190072AB50 /* Build configuration list for PBXNativeTarget "Brandon" */;
			buildPhases = (
				566014F6214C54180072AB50 /* Sources */,
				566014F7214C54180072AB50 /* Frameworks */,
				566014F8214C54180072AB50 /* Resources */,
			);
			buildRules = (
			);
			dependencies = (
			);
			name = Brandon;
			productName = Brandon;
			productReference = 566014FA214C54180072AB50 /* Brandon.app */;
			productType = "com.apple.product-type.application";
		};
		56601513214C54190072AB50 /* BrandonTests */ = {
			isa = PBXNativeTarget;
			buildConfigurationList = 5660152B214C54190072AB50 /* Build configuration list for PBXNativeTarget "BrandonTests" */;
			buildPhases = (
				56601510214C54190072AB50 /* Sources */,
				56601511214C54190072AB50 /* Frameworks */,
				56601512214C54190072AB50 /* Resources */,
			);
			buildRules = (
			);
			dependencies = (
				56601516214C54190072AB50 /* PBXTargetDependency */,
			);
			name = BrandonTests;
			productName = BrandonTests;
			productReference = 56601514214C54190072AB50 /* BrandonTests.xctest */;
			productType = "com.apple.product-type.bundle.unit-test";
		};
		5660151E214C54190072AB50 /* BrandonUITests */ = {
			isa = PBXNativeTarget;
			buildConfigurationList = 5660152E214C54190072AB50 /* Build configuration list for PBXNativeTarget "BrandonUITests" */;
			buildPhases = (
				5660151B214C54190072AB50 /* Sources */,
				5660151C214C54190072AB50 /* Frameworks */,
				5660151D214C54190072AB50 /* Resources */,
			);
			buildRules = (
			);
			dependencies = (
				56601521214C54190072AB50 /* PBXTargetDependency */,
			);
			name = BrandonUITests;
			productName = BrandonUITests;
			productReference = 5660151F214C54190072AB50 /* BrandonUITests.xctest */;
			productType = "com.apple.product-type.bundle.ui-testing";
		};
/* End PBXNativeTarget section */

/* Begin PBXProject section */
		566014F2214C54180072AB50 /* Project object */ = {
			isa = PBXProject;
			attributes = {
				LastSwiftUpdateCheck = 0940;
				LastUpgradeCheck = 0940;
				ORGANIZATIONNAME = "Jack Whitten";
				TargetAttributes = {
					566014F9214C54180072AB50 = {
						CreatedOnToolsVersion = 9.4.1;
						LastSwiftMigration = 1000;
					};
					56601513214C54190072AB50 = {
						CreatedOnToolsVersion = 9.4.1;
						LastSwiftMigration = 1000;
						TestTargetID = 566014F9214C54180072AB50;
					};
					5660151E214C54190072AB50 = {
						CreatedOnToolsVersion = 9.4.1;
						LastSwiftMigration = 1000;
						TestTargetID = 566014F9214C54180072AB50;
					};
				};
			};
			buildConfigurationList = 566014F5214C54180072AB50 /* Build configuration list for PBXProject "Brandon" */;
			compatibilityVersion = "Xcode 9.3";
			developmentRegion = en;
			hasScannedForEncodings = 0;
			knownRegions = (
				en,
				Base,
			);
			mainGroup = 566014F1214C54180072AB50;
			productRefGroup = 566014FB214C54180072AB50 /* Products */;
			projectDirPath = "";
			projectRoot = "";
			targets = (
				566014F9214C54180072AB50 /* Brandon */,
				56601513214C54190072AB50 /* BrandonTests */,
				5660151E214C54190072AB50 /* BrandonUITests */,
			);
		};
/* End PBXProject section */

/* Begin PBXResourcesBuildPhase section */
		566014F8214C54180072AB50 /* Resources */ = {
			isa = PBXResourcesBuildPhase;
			buildActionMask = 2147483647;
			files = (
				560B80392190F091007A0E7C /* events.txt in Resources */,
				563778DD2202372C009B0C05 /* Main.storyboard in Resources */,
				563778DB22023571009B0C05 /* Actions.sks in Resources */,
				563779092202412D009B0C05 /* Combat.sks in Resources */,
				56377907220240C5009B0C05 /* MainMenu.sks in Resources */,
				5660150B214C54190072AB50 /* Assets.xcassets in Resources */,
				5660150E214C54190072AB50 /* LaunchScreen.storyboard in Resources */,
				56E9293C21C1A3AD00155180 /* GameScene.sks in Resources */,
				562F019721F900E500A1A8FF /* todo in Resources */,
				56B2BDDD21CADF680052AB90 /* tiles.txt in Resources */,
				56D61E392188FBC0007121FE /* maps.txt in Resources */,
				560B803B219377B6007A0E7C /* entities.txt in Resources */,
			);
			runOnlyForDeploymentPostprocessing = 0;
		};
		56601512214C54190072AB50 /* Resources */ = {
			isa = PBXResourcesBuildPhase;
			buildActionMask = 2147483647;
			files = (
			);
			runOnlyForDeploymentPostprocessing = 0;
		};
		5660151D214C54190072AB50 /* Resources */ = {
			isa = PBXResourcesBuildPhase;
			buildActionMask = 2147483647;
			files = (
			);
			runOnlyForDeploymentPostprocessing = 0;
		};
/* End PBXResourcesBuildPhase section */

/* Begin PBXSourcesBuildPhase section */
		566014F6214C54180072AB50 /* Sources */ = {
			isa = PBXSourcesBuildPhase;
			buildActionMask = 2147483647;
			files = (
				56399062219CBA19004805F2 /* GameObject.swift in Sources */,
				56C4DB412180FDE90061F94A /* Event.swift in Sources */,
				5624B883221768BF004125EA /* CombatViewController.swift in Sources */,
				560B803D21937DD9007A0E7C /* Data.swift in Sources */,
				56601504214C54180072AB50 /* GameScene.swift in Sources */,
				56C4DB3B2177C7C40061F94A /* Util.swift in Sources */,
				56601506214C54180072AB50 /* GameViewController.swift in Sources */,
				56D61E41218A3875007121FE /* EventHandler.swift in Sources */,
				5637790B2202442A009B0C05 /* MainMenu.swift in Sources */,
				566014FE214C54180072AB50 /* AppDelegate.swift in Sources */,
				56D376E6220B72780002B42C /* MainMenuViewController.swift in Sources */,
				56C4DB3D217E6E6F0061F94A /* Player.swift in Sources */,
				56C4DB392177C51D0061F94A /* DialogueBox.swift in Sources */,
				5624B885221768CB004125EA /* Combat.swift in Sources */,
				56C28ECD216D4A0D003F2B48 /* Interactable.swift in Sources */,
			);
			runOnlyForDeploymentPostprocessing = 0;
		};
		56601510214C54190072AB50 /* Sources */ = {
			isa = PBXSourcesBuildPhase;
			buildActionMask = 2147483647;
			files = (
				56601519214C54190072AB50 /* BrandonTests.swift in Sources */,
			);
			runOnlyForDeploymentPostprocessing = 0;
		};
		5660151B214C54190072AB50 /* Sources */ = {
			isa = PBXSourcesBuildPhase;
			buildActionMask = 2147483647;
			files = (
				56601524214C54190072AB50 /* BrandonUITests.swift in Sources */,
			);
			runOnlyForDeploymentPostprocessing = 0;
		};
/* End PBXSourcesBuildPhase section */

/* Begin PBXTargetDependency section */
		56601516214C54190072AB50 /* PBXTargetDependency */ = {
			isa = PBXTargetDependency;
			target = 566014F9214C54180072AB50 /* Brandon */;
			targetProxy = 56601515214C54190072AB50 /* PBXContainerItemProxy */;
		};
		56601521214C54190072AB50 /* PBXTargetDependency */ = {
			isa = PBXTargetDependency;
			target = 566014F9214C54180072AB50 /* Brandon */;
			targetProxy = 56601520214C54190072AB50 /* PBXContainerItemProxy */;
		};
/* End PBXTargetDependency section */

/* Begin PBXVariantGroup section */
		5660150C214C54190072AB50 /* LaunchScreen.storyboard */ = {
			isa = PBXVariantGroup;
			children = (
				5660150D214C54190072AB50 /* Base */,
			);
			name = LaunchScreen.storyboard;
			sourceTree = "<group>";
		};
/* End PBXVariantGroup section */

/* Begin XCBuildConfiguration section */
		56601526214C54190072AB50 /* Debug */ = {
			isa = XCBuildConfiguration;
			buildSettings = {
				ALWAYS_SEARCH_USER_PATHS = NO;
				CLANG_ANALYZER_NONNULL = YES;
				CLANG_ANALYZER_NUMBER_OBJECT_CONVERSION = YES_AGGRESSIVE;
				CLANG_CXX_LANGUAGE_STANDARD = "gnu++14";
				CLANG_CXX_LIBRARY = "libc++";
				CLANG_ENABLE_MODULES = YES;
				CLANG_ENABLE_OBJC_ARC = YES;
				CLANG_ENABLE_OBJC_WEAK = YES;
				CLANG_WARN_BLOCK_CAPTURE_AUTORELEASING = YES;
				CLANG_WARN_BOOL_CONVERSION = YES;
				CLANG_WARN_COMMA = YES;
				CLANG_WARN_CONSTANT_CONVERSION = YES;
				CLANG_WARN_DEPRECATED_OBJC_IMPLEMENTATIONS = YES;
				CLANG_WARN_DIRECT_OBJC_ISA_USAGE = YES_ERROR;
				CLANG_WARN_DOCUMENTATION_COMMENTS = YES;
				CLANG_WARN_EMPTY_BODY = YES;
				CLANG_WARN_ENUM_CONVERSION = YES;
				CLANG_WARN_INFINITE_RECURSION = YES;
				CLANG_WARN_INT_CONVERSION = YES;
				CLANG_WARN_NON_LITERAL_NULL_CONVERSION = YES;
				CLANG_WARN_OBJC_IMPLICIT_RETAIN_SELF = YES;
				CLANG_WARN_OBJC_LITERAL_CONVERSION = YES;
				CLANG_WARN_OBJC_ROOT_CLASS = YES_ERROR;
				CLANG_WARN_RANGE_LOOP_ANALYSIS = YES;
				CLANG_WARN_STRICT_PROTOTYPES = YES;
				CLANG_WARN_SUSPICIOUS_MOVE = YES;
				CLANG_WARN_UNGUARDED_AVAILABILITY = YES_AGGRESSIVE;
				CLANG_WARN_UNREACHABLE_CODE = YES;
				CLANG_WARN__DUPLICATE_METHOD_MATCH = YES;
				CODE_SIGN_IDENTITY = "iPhone Developer";
				COPY_PHASE_STRIP = NO;
				DEBUG_INFORMATION_FORMAT = dwarf;
				ENABLE_STRICT_OBJC_MSGSEND = YES;
				ENABLE_TESTABILITY = YES;
				GCC_C_LANGUAGE_STANDARD = gnu11;
				GCC_DYNAMIC_NO_PIC = NO;
				GCC_NO_COMMON_BLOCKS = YES;
				GCC_OPTIMIZATION_LEVEL = 0;
				GCC_PREPROCESSOR_DEFINITIONS = (
					"DEBUG=1",
					"$(inherited)",
				);
				GCC_WARN_64_TO_32_BIT_CONVERSION = YES;
				GCC_WARN_ABOUT_RETURN_TYPE = YES_ERROR;
				GCC_WARN_UNDECLARED_SELECTOR = YES;
				GCC_WARN_UNINITIALIZED_AUTOS = YES_AGGRESSIVE;
				GCC_WARN_UNUSED_FUNCTION = YES;
				GCC_WARN_UNUSED_VARIABLE = YES;
				IPHONEOS_DEPLOYMENT_TARGET = 11.4;
				MTL_ENABLE_DEBUG_INFO = YES;
				ONLY_ACTIVE_ARCH = YES;
				SDKROOT = iphoneos;
				SWIFT_ACTIVE_COMPILATION_CONDITIONS = DEBUG;
				SWIFT_OPTIMIZATION_LEVEL = "-Onone";
			};
			name = Debug;
		};
		56601527214C54190072AB50 /* Release */ = {
			isa = XCBuildConfiguration;
			buildSettings = {
				ALWAYS_SEARCH_USER_PATHS = NO;
				CLANG_ANALYZER_NONNULL = YES;
				CLANG_ANALYZER_NUMBER_OBJECT_CONVERSION = YES_AGGRESSIVE;
				CLANG_CXX_LANGUAGE_STANDARD = "gnu++14";
				CLANG_CXX_LIBRARY = "libc++";
				CLANG_ENABLE_MODULES = YES;
				CLANG_ENABLE_OBJC_ARC = YES;
				CLANG_ENABLE_OBJC_WEAK = YES;
				CLANG_WARN_BLOCK_CAPTURE_AUTORELEASING = YES;
				CLANG_WARN_BOOL_CONVERSION = YES;
				CLANG_WARN_COMMA = YES;
				CLANG_WARN_CONSTANT_CONVERSION = YES;
				CLANG_WARN_DEPRECATED_OBJC_IMPLEMENTATIONS = YES;
				CLANG_WARN_DIRECT_OBJC_ISA_USAGE = YES_ERROR;
				CLANG_WARN_DOCUMENTATION_COMMENTS = YES;
				CLANG_WARN_EMPTY_BODY = YES;
				CLANG_WARN_ENUM_CONVERSION = YES;
				CLANG_WARN_INFINITE_RECURSION = YES;
				CLANG_WARN_INT_CONVERSION = YES;
				CLANG_WARN_NON_LITERAL_NULL_CONVERSION = YES;
				CLANG_WARN_OBJC_IMPLICIT_RETAIN_SELF = YES;
				CLANG_WARN_OBJC_LITERAL_CONVERSION = YES;
				CLANG_WARN_OBJC_ROOT_CLASS = YES_ERROR;
				CLANG_WARN_RANGE_LOOP_ANALYSIS = YES;
				CLANG_WARN_STRICT_PROTOTYPES = YES;
				CLANG_WARN_SUSPICIOUS_MOVE = YES;
				CLANG_WARN_UNGUARDED_AVAILABILITY = YES_AGGRESSIVE;
				CLANG_WARN_UNREACHABLE_CODE = YES;
				CLANG_WARN__DUPLICATE_METHOD_MATCH = YES;
				CODE_SIGN_IDENTITY = "iPhone Developer";
				COPY_PHASE_STRIP = NO;
				DEBUG_INFORMATION_FORMAT = "dwarf-with-dsym";
				ENABLE_NS_ASSERTIONS = NO;
				ENABLE_STRICT_OBJC_MSGSEND = YES;
				GCC_C_LANGUAGE_STANDARD = gnu11;
				GCC_NO_COMMON_BLOCKS = YES;
				GCC_WARN_64_TO_32_BIT_CONVERSION = YES;
				GCC_WARN_ABOUT_RETURN_TYPE = YES_ERROR;
				GCC_WARN_UNDECLARED_SELECTOR = YES;
				GCC_WARN_UNINITIALIZED_AUTOS = YES_AGGRESSIVE;
				GCC_WARN_UNUSED_FUNCTION = YES;
				GCC_WARN_UNUSED_VARIABLE = YES;
				IPHONEOS_DEPLOYMENT_TARGET = 11.4;
				MTL_ENABLE_DEBUG_INFO = NO;
				SDKROOT = iphoneos;
				SWIFT_COMPILATION_MODE = wholemodule;
				SWIFT_OPTIMIZATION_LEVEL = "-O";
				VALIDATE_PRODUCT = YES;
			};
			name = Release;
		};
		56601529214C54190072AB50 /* Debug */ = {
			isa = XCBuildConfiguration;
			buildSettings = {
				ASSETCATALOG_COMPILER_APPICON_NAME = AppIcon;
				CODE_SIGN_STYLE = Automatic;
				DEVELOPMENT_TEAM = 59QNDN5Z6C;
				INFOPLIST_FILE = Brandon/Info.plist;
				LD_RUNPATH_SEARCH_PATHS = (
					"$(inherited)",
					"@executable_path/Frameworks",
				);
				PRODUCT_BUNDLE_IDENTIFIER = JackWhitten.Brandon;
				PRODUCT_NAME = "$(TARGET_NAME)";
				SWIFT_VERSION = 4.2;
				TARGETED_DEVICE_FAMILY = "1,2";
			};
			name = Debug;
		};
		5660152A214C54190072AB50 /* Release */ = {
			isa = XCBuildConfiguration;
			buildSettings = {
				ASSETCATALOG_COMPILER_APPICON_NAME = AppIcon;
				CODE_SIGN_STYLE = Automatic;
				DEVELOPMENT_TEAM = 59QNDN5Z6C;
				INFOPLIST_FILE = Brandon/Info.plist;
				LD_RUNPATH_SEARCH_PATHS = (
					"$(inherited)",
					"@executable_path/Frameworks",
				);
				PRODUCT_BUNDLE_IDENTIFIER = JackWhitten.Brandon;
				PRODUCT_NAME = "$(TARGET_NAME)";
				SWIFT_VERSION = 4.2;
				TARGETED_DEVICE_FAMILY = "1,2";
			};
			name = Release;
		};
		5660152C214C54190072AB50 /* Debug */ = {
			isa = XCBuildConfiguration;
			buildSettings = {
				ALWAYS_EMBED_SWIFT_STANDARD_LIBRARIES = YES;
				BUNDLE_LOADER = "$(TEST_HOST)";
				CODE_SIGN_STYLE = Automatic;
				DEVELOPMENT_TEAM = 59QNDN5Z6C;
				INFOPLIST_FILE = BrandonTests/Info.plist;
				LD_RUNPATH_SEARCH_PATHS = (
					"$(inherited)",
					"@executable_path/Frameworks",
					"@loader_path/Frameworks",
				);
				PRODUCT_BUNDLE_IDENTIFIER = JackWhitten.BrandonTests;
				PRODUCT_NAME = "$(TARGET_NAME)";
				SWIFT_VERSION = 4.2;
				TARGETED_DEVICE_FAMILY = "1,2";
				TEST_HOST = "$(BUILT_PRODUCTS_DIR)/Brandon.app/Brandon";
			};
			name = Debug;
		};
		5660152D214C54190072AB50 /* Release */ = {
			isa = XCBuildConfiguration;
			buildSettings = {
				ALWAYS_EMBED_SWIFT_STANDARD_LIBRARIES = YES;
				BUNDLE_LOADER = "$(TEST_HOST)";
				CODE_SIGN_STYLE = Automatic;
				DEVELOPMENT_TEAM = 59QNDN5Z6C;
				INFOPLIST_FILE = BrandonTests/Info.plist;
				LD_RUNPATH_SEARCH_PATHS = (
					"$(inherited)",
					"@executable_path/Frameworks",
					"@loader_path/Frameworks",
				);
				PRODUCT_BUNDLE_IDENTIFIER = JackWhitten.BrandonTests;
				PRODUCT_NAME = "$(TARGET_NAME)";
				SWIFT_VERSION = 4.2;
				TARGETED_DEVICE_FAMILY = "1,2";
				TEST_HOST = "$(BUILT_PRODUCTS_DIR)/Brandon.app/Brandon";
			};
			name = Release;
		};
		5660152F214C54190072AB50 /* Debug */ = {
			isa = XCBuildConfiguration;
			buildSettings = {
				ALWAYS_EMBED_SWIFT_STANDARD_LIBRARIES = YES;
				CODE_SIGN_STYLE = Automatic;
				DEVELOPMENT_TEAM = 59QNDN5Z6C;
				INFOPLIST_FILE = BrandonUITests/Info.plist;
				LD_RUNPATH_SEARCH_PATHS = (
					"$(inherited)",
					"@executable_path/Frameworks",
					"@loader_path/Frameworks",
				);
				PRODUCT_BUNDLE_IDENTIFIER = JackWhitten.BrandonUITests;
				PRODUCT_NAME = "$(TARGET_NAME)";
				SWIFT_VERSION = 4.2;
				TARGETED_DEVICE_FAMILY = "1,2";
				TEST_TARGET_NAME = Brandon;
			};
			name = Debug;
		};
		56601530214C54190072AB50 /* Release */ = {
			isa = XCBuildConfiguration;
			buildSettings = {
				ALWAYS_EMBED_SWIFT_STANDARD_LIBRARIES = YES;
				CODE_SIGN_STYLE = Automatic;
				DEVELOPMENT_TEAM = 59QNDN5Z6C;
				INFOPLIST_FILE = BrandonUITests/Info.plist;
				LD_RUNPATH_SEARCH_PATHS = (
					"$(inherited)",
					"@executable_path/Frameworks",
					"@loader_path/Frameworks",
				);
				PRODUCT_BUNDLE_IDENTIFIER = JackWhitten.BrandonUITests;
				PRODUCT_NAME = "$(TARGET_NAME)";
				SWIFT_VERSION = 4.2;
				TARGETED_DEVICE_FAMILY = "1,2";
				TEST_TARGET_NAME = Brandon;
			};
			name = Release;
		};
/* End XCBuildConfiguration section */

/* Begin XCConfigurationList section */
		566014F5214C54180072AB50 /* Build configuration list for PBXProject "Brandon" */ = {
			isa = XCConfigurationList;
			buildConfigurations = (
				56601526214C54190072AB50 /* Debug */,
				56601527214C54190072AB50 /* Release */,
			);
			defaultConfigurationIsVisible = 0;
			defaultConfigurationName = Release;
		};
		56601528214C54190072AB50 /* Build configuration list for PBXNativeTarget "Brandon" */ = {
			isa = XCConfigurationList;
			buildConfigurations = (
				56601529214C54190072AB50 /* Debug */,
				5660152A214C54190072AB50 /* Release */,
			);
			defaultConfigurationIsVisible = 0;
			defaultConfigurationName = Release;
		};
		5660152B214C54190072AB50 /* Build configuration list for PBXNativeTarget "BrandonTests" */ = {
			isa = XCConfigurationList;
			buildConfigurations = (
				5660152C214C54190072AB50 /* Debug */,
				5660152D214C54190072AB50 /* Release */,
			);
			defaultConfigurationIsVisible = 0;
			defaultConfigurationName = Release;
		};
		5660152E214C54190072AB50 /* Build configuration list for PBXNativeTarget "BrandonUITests" */ = {
			isa = XCConfigurationList;
			buildConfigurations = (
				5660152F214C54190072AB50 /* Debug */,
				56601530214C54190072AB50 /* Release */,
			);
			defaultConfigurationIsVisible = 0;
			defaultConfigurationName = Release;
		};
/* End XCConfigurationList section */
	};
	rootObject = 566014F2214C54180072AB50 /* Project object */;
}
